
Microsoft Visual Studio Solution File, Format Version 12.00
# Visual Studio Version 17
VisualStudioVersion = 17.2.32526.322
MinimumVisualStudioVersion = 10.0.40219.1
Project("{FAE04EC0-301F-11D3-BF4B-00C04F79EFBC}") = "Cache_Cleaner", "Cache_Cleaner\Cache_Cleaner.csproj", "{23587F32-F727-4C33-A70F-221E917509DA}"
EndProject
Global
	GlobalSection(SolutionConfigurationPlatforms) = preSolution
		Debug|Any CPU = Debug|Any CPU
		Release|Any CPU = Release|Any CPU
	EndGlobalSection
	GlobalSection(ProjectConfigurationPlatforms) = postSolution
		{23587F32-F727-4C33-A70F-221E917509DA}.Debug|Any CPU.ActiveCfg = Debug|Any CPU
		{23587F32-F727-4C33-A70F-221E917509DA}.Debug|Any CPU.Build.0 = Debug|Any CPU
		{23587F32-F727-4C33-A70F-221E917509DA}.Release|Any CPU.ActiveCfg = Release|Any CPU
		{23587F32-F727-4C33-A70F-221E917509DA}.Release|Any CPU.Build.0 = Release|Any CPU
	EndGlobalSection
	GlobalSection(SolutionProperties) = preSolution
		HideSolutionNode = FALSE
	EndGlobalSection
	GlobalSection(ExtensibilityGlobals) = postSolution
		SolutionGuid = {C2200B33-3FE8-4417-B235-E65A27971B9F}
	EndGlobalSection
EndGlobal
